
Microsoft Visual Studio Solution File, Format Version 12.00
# Visual Studio Version 16
VisualStudioVersion = 16.0.33927.289
MinimumVisualStudioVersion = 10.0.40219.1
Project("{2150E333-8FDC-42A3-9474-1A3956D46DE8}") = "Task0", "Task0", "{112CE3A4-29A8-4F22-AA45-A3E1996E166F}"
EndProject
Project("{FAE04EC0-301F-11D3-BF4B-00C04F79EFBC}") = "Tyuiu.MorozAD.Sprint2.Task0.V17.Test", "Tyuiu.MorozAD.Sprint2.Task0.V17.Test\Tyuiu.MorozAD.Sprint2.Task0.V17.Test.csproj", "{B62B77E0-A41F-4EA9-86D2-59C1547B2245}"
EndProject
Project("{FAE04EC0-301F-11D3-BF4B-00C04F79EFBC}") = "Tyuiu.MorozAD.Sprint2.Task0.V17.Lib", "Tyuiu.MorozAD.Sprint2.Task0.V17.Lib\Tyuiu.MorozAD.Sprint2.Task0.V17.Lib.csproj", "{D3B6DB4E-359E-4B10-B430-8BEC36F5BC52}"
EndProject
Project("{FAE04EC0-301F-11D3-BF4B-00C04F79EFBC}") = "Tyuiu.MorozAD.Sprint2.Task0.V17", "Tyuiu.MorozAD.Sprint2.Task0.V17\Tyuiu.MorozAD.Sprint2.Task0.V17.csproj", "{B0ED099C-5866-4507-BDAE-A43CE22697A7}"
EndProject
Project("{2150E333-8FDC-42A3-9474-1A3956D46DE8}") = "Task1", "Task1", "{8726D96F-A5BF-40B2-BB0D-B99EDF169807}"
EndProject
Project("{FAE04EC0-301F-11D3-BF4B-00C04F79EFBC}") = "Tyuiu.MorozAD.Sprint2.Task1.V5", "Tyuiu.MorozAD.Sprint2.Task1.V5\Tyuiu.MorozAD.Sprint2.Task1.V5.csproj", "{F1D58A4F-126B-486E-9F15-62E52674A738}"
EndProject
Project("{FAE04EC0-301F-11D3-BF4B-00C04F79EFBC}") = "Tyuiu.MorozAD.Sprint2.Task1.V5.Lib", "Tyuiu.MorozAD.Sprint2.Task1.V5.Lib\Tyuiu.MorozAD.Sprint2.Task1.V5.Lib.csproj", "{B5A72598-228C-44A7-B631-454C7A603A88}"
EndProject
Project("{FAE04EC0-301F-11D3-BF4B-00C04F79EFBC}") = "Tyuiu.MorozAD.Sprint2.Task1.V5.Test", "Tyuiu.MorozAD.Sprint2.Task1.V5.Test\Tyuiu.MorozAD.Sprint2.Task1.V5.Test.csproj", "{20D7DD4C-EEA4-4959-884C-E52054653F50}"
EndProject
Project("{2150E333-8FDC-42A3-9474-1A3956D46DE8}") = "Task2", "Task2", "{C5E063F5-94BC-43C0-B3FB-D4EFA1E8E858}"
EndProject
Project("{FAE04EC0-301F-11D3-BF4B-00C04F79EFBC}") = "Tyuiu.MorozAD.Sprint2.Task2.V12", "Tyuiu.MorozAD.Sprint2.Task2.V12\Tyuiu.MorozAD.Sprint2.Task2.V12.csproj", "{3264A4F3-44FE-476C-8F59-822F809E5184}"
EndProject
Project("{FAE04EC0-301F-11D3-BF4B-00C04F79EFBC}") = "Tyuiu.MorozAD.Sprint2.Task2.V12.Test", "Tyuiu.MorozAD.Sprint2.Task2.V12.Test\Tyuiu.MorozAD.Sprint2.Task2.V12.Test.csproj", "{4F54AD53-8AC5-429B-8566-0934DB24EDDA}"
EndProject
Project("{FAE04EC0-301F-11D3-BF4B-00C04F79EFBC}") = "Tyuiu.MorozAD.Sprint2.Task2.V12.Lib", "Tyuiu.MorozAD.Sprint2.Task2.V12.Lib\Tyuiu.MorozAD.Sprint2.Task2.V12.Lib.csproj", "{B743BA8A-ED2E-4796-A5B9-4CFABA5A3137}"
EndProject
Project("{2150E333-8FDC-42A3-9474-1A3956D46DE8}") = "Task3", "Task3", "{843A4D41-23EC-46A0-8929-940A44FCD1D1}"
EndProject
Project("{FAE04EC0-301F-11D3-BF4B-00C04F79EFBC}") = "Tyuiu.MorozAD.Sprint2.Task3.V18.Lib", "Tyuiu.MorozAD.Sprint2.Task3.V18.Lib\Tyuiu.MorozAD.Sprint2.Task3.V18.Lib.csproj", "{3FCF663B-9FB0-4FED-825B-1DBD6CCC34A7}"
EndProject
Project("{FAE04EC0-301F-11D3-BF4B-00C04F79EFBC}") = "Tyuiu.MorozAD.Sprint2.Task3.V18.Test", "Tyuiu.MorozAD.Sprint2.Task3.V18.Test\Tyuiu.MorozAD.Sprint2.Task3.V18.Test.csproj", "{FDE7ED59-74BF-4365-BC42-6A102447C343}"
EndProject
Project("{FAE04EC0-301F-11D3-BF4B-00C04F79EFBC}") = "Tyuiu.MorozAD.Sprint2.Task3.V18", "Tyuiu.MorozAD.Sprint2.Task3.V18\Tyuiu.MorozAD.Sprint2.Task3.V18.csproj", "{A3021C5A-2E64-40BD-8901-FE4D8D99B848}"
EndProject
Project("{2150E333-8FDC-42A3-9474-1A3956D46DE8}") = "NewFolder1", "NewFolder1", "{13F783DE-2790-47DF-8CC8-00B5AA0DEDA0}"
EndProject
Project("{FAE04EC0-301F-11D3-BF4B-00C04F79EFBC}") = "Tyuiu.MorozAD.Sprint2.Task4.V17", "Tyuiu.MorozAD.Sprint2.Task4.V17\Tyuiu.MorozAD.Sprint2.Task4.V17.csproj", "{2A526E74-8CD5-4AA4-90BB-BE6140166798}"
EndProject
Project("{FAE04EC0-301F-11D3-BF4B-00C04F79EFBC}") = "Tyuiu.MorozAD.Sprint2.Task4.V17.Test", "Tyuiu.MorozAD.Sprint2.Task4.V17.Test\Tyuiu.MorozAD.Sprint2.Task4.V17.Test.csproj", "{14C74B4D-D39D-4EAC-A0E9-D4AC909E9A89}"
EndProject
Project("{FAE04EC0-301F-11D3-BF4B-00C04F79EFBC}") = "Tyuiu.MorozAD.Sprint2.Task4.V17.Lib", "Tyuiu.MorozAD.Sprint2.Task4.V17.Lib\Tyuiu.MorozAD.Sprint2.Task4.V17.Lib.csproj", "{B3DA8974-6BE4-4F70-9107-0B53997C1622}"
EndProject
Project("{2150E333-8FDC-42A3-9474-1A3956D46DE8}") = "NewFolder2", "NewFolder2", "{58F75998-5D91-48CB-8BC9-C39F87C64834}"
EndProject
Project("{FAE04EC0-301F-11D3-BF4B-00C04F79EFBC}") = "Tyuiu.MorozAD.Sprint2.Task5.V14", "Tyuiu.MorozAD.Sprint2.Task5.V14\Tyuiu.MorozAD.Sprint2.Task5.V14.csproj", "{25B31F40-8BAD-40D6-A085-CB844CF685D3}"
EndProject
Project("{FAE04EC0-301F-11D3-BF4B-00C04F79EFBC}") = "Tyuiu.MorozAD.Sprint2.Task5.V14.Lib", "Tyuiu.MorozAD.Sprint2.Task5.V14.Lib\Tyuiu.MorozAD.Sprint2.Task5.V14.Lib.csproj", "{E449334E-BC18-4BEF-823E-3D06E23F994C}"
EndProject
Project("{FAE04EC0-301F-11D3-BF4B-00C04F79EFBC}") = "Tyuiu.MorozAD.Sprint2.Task5.V14.Test", "Tyuiu.MorozAD.Sprint2.Task5.V14.Test\Tyuiu.MorozAD.Sprint2.Task5.V14.Test.csproj", "{BCCBCA8D-7D8A-43C4-A087-72DE5E35B193}"
EndProject
Project("{2150E333-8FDC-42A3-9474-1A3956D46DE8}") = "NewFolder3", "NewFolder3", "{A607B235-4BCB-4434-A38B-7A431E3F99E4}"
EndProject
Project("{FAE04EC0-301F-11D3-BF4B-00C04F79EFBC}") = "Tyuiu.MorozAD.Sprint2.Task6.V15", "Tyuiu.MorozAD.Sprint2.Task6.V15\Tyuiu.MorozAD.Sprint2.Task6.V15.csproj", "{1C17392B-9F15-4A20-A9C0-E33D07336847}"
EndProject
Project("{FAE04EC0-301F-11D3-BF4B-00C04F79EFBC}") = "Tyuiu.MorozAD.Sprint2.Task6.V15.Test", "Tyuiu.MorozAD.Sprint2.Task6.V15.Test\Tyuiu.MorozAD.Sprint2.Task6.V15.Test.csproj", "{551A44A4-E73F-4E38-A913-65101751C471}"
EndProject
Project("{FAE04EC0-301F-11D3-BF4B-00C04F79EFBC}") = "Tyuiu.MorozAD.Sprint2.Task6.V15.Lib", "Tyuiu.MorozAD.Sprint2.Task6.V15.Lib\Tyuiu.MorozAD.Sprint2.Task6.V15.Lib.csproj", "{CB80AEE0-17FA-4661-A31E-0CDED6DC77DE}"
EndProject
Global
	GlobalSection(SolutionConfigurationPlatforms) = preSolution
		Debug|Any CPU = Debug|Any CPU
		Release|Any CPU = Release|Any CPU
	EndGlobalSection
	GlobalSection(ProjectConfigurationPlatforms) = postSolution
		{B62B77E0-A41F-4EA9-86D2-59C1547B2245}.Debug|Any CPU.ActiveCfg = Debug|Any CPU
		{B62B77E0-A41F-4EA9-86D2-59C1547B2245}.Debug|Any CPU.Build.0 = Debug|Any CPU
		{B62B77E0-A41F-4EA9-86D2-59C1547B2245}.Release|Any CPU.ActiveCfg = Release|Any CPU
		{B62B77E0-A41F-4EA9-86D2-59C1547B2245}.Release|Any CPU.Build.0 = Release|Any CPU
		{D3B6DB4E-359E-4B10-B430-8BEC36F5BC52}.Debug|Any CPU.ActiveCfg = Debug|Any CPU
		{D3B6DB4E-359E-4B10-B430-8BEC36F5BC52}.Debug|Any CPU.Build.0 = Debug|Any CPU
		{D3B6DB4E-359E-4B10-B430-8BEC36F5BC52}.Release|Any CPU.ActiveCfg = Release|Any CPU
		{D3B6DB4E-359E-4B10-B430-8BEC36F5BC52}.Release|Any CPU.Build.0 = Release|Any CPU
		{B0ED099C-5866-4507-BDAE-A43CE22697A7}.Debug|Any CPU.ActiveCfg = Debug|Any CPU
		{B0ED099C-5866-4507-BDAE-A43CE22697A7}.Debug|Any CPU.Build.0 = Debug|Any CPU
		{B0ED099C-5866-4507-BDAE-A43CE22697A7}.Release|Any CPU.ActiveCfg = Release|Any CPU
		{B0ED099C-5866-4507-BDAE-A43CE22697A7}.Release|Any CPU.Build.0 = Release|Any CPU
		{F1D58A4F-126B-486E-9F15-62E52674A738}.Debug|Any CPU.ActiveCfg = Debug|Any CPU
		{F1D58A4F-126B-486E-9F15-62E52674A738}.Debug|Any CPU.Build.0 = Debug|Any CPU
		{F1D58A4F-126B-486E-9F15-62E52674A738}.Release|Any CPU.ActiveCfg = Release|Any CPU
		{F1D58A4F-126B-486E-9F15-62E52674A738}.Release|Any CPU.Build.0 = Release|Any CPU
		{B5A72598-228C-44A7-B631-454C7A603A88}.Debug|Any CPU.ActiveCfg = Debug|Any CPU
		{B5A72598-228C-44A7-B631-454C7A603A88}.Debug|Any CPU.Build.0 = Debug|Any CPU
		{B5A72598-228C-44A7-B631-454C7A603A88}.Release|Any CPU.ActiveCfg = Release|Any CPU
		{B5A72598-228C-44A7-B631-454C7A603A88}.Release|Any CPU.Build.0 = Release|Any CPU
		{20D7DD4C-EEA4-4959-884C-E52054653F50}.Debug|Any CPU.ActiveCfg = Debug|Any CPU
		{20D7DD4C-EEA4-4959-884C-E52054653F50}.Debug|Any CPU.Build.0 = Debug|Any CPU
		{20D7DD4C-EEA4-4959-884C-E52054653F50}.Release|Any CPU.ActiveCfg = Release|Any CPU
		{20D7DD4C-EEA4-4959-884C-E52054653F50}.Release|Any CPU.Build.0 = Release|Any CPU
		{3264A4F3-44FE-476C-8F59-822F809E5184}.Debug|Any CPU.ActiveCfg = Debug|Any CPU
		{3264A4F3-44FE-476C-8F59-822F809E5184}.Debug|Any CPU.Build.0 = Debug|Any CPU
		{3264A4F3-44FE-476C-8F59-822F809E5184}.Release|Any CPU.ActiveCfg = Release|Any CPU
		{3264A4F3-44FE-476C-8F59-822F809E5184}.Release|Any CPU.Build.0 = Release|Any CPU
		{4F54AD53-8AC5-429B-8566-0934DB24EDDA}.Debug|Any CPU.ActiveCfg = Debug|Any CPU
		{4F54AD53-8AC5-429B-8566-0934DB24EDDA}.Debug|Any CPU.Build.0 = Debug|Any CPU
		{4F54AD53-8AC5-429B-8566-0934DB24EDDA}.Release|Any CPU.ActiveCfg = Release|Any CPU
		{4F54AD53-8AC5-429B-8566-0934DB24EDDA}.Release|Any CPU.Build.0 = Release|Any CPU
		{B743BA8A-ED2E-4796-A5B9-4CFABA5A3137}.Debug|Any CPU.ActiveCfg = Debug|Any CPU
		{B743BA8A-ED2E-4796-A5B9-4CFABA5A3137}.Debug|Any CPU.Build.0 = Debug|Any CPU
		{B743BA8A-ED2E-4796-A5B9-4CFABA5A3137}.Release|Any CPU.ActiveCfg = Release|Any CPU
		{B743BA8A-ED2E-4796-A5B9-4CFABA5A3137}.Release|Any CPU.Build.0 = Release|Any CPU
		{3FCF663B-9FB0-4FED-825B-1DBD6CCC34A7}.Debug|Any CPU.ActiveCfg = Debug|Any CPU
		{3FCF663B-9FB0-4FED-825B-1DBD6CCC34A7}.Debug|Any CPU.Build.0 = Debug|Any CPU
		{3FCF663B-9FB0-4FED-825B-1DBD6CCC34A7}.Release|Any CPU.ActiveCfg = Release|Any CPU
		{3FCF663B-9FB0-4FED-825B-1DBD6CCC34A7}.Release|Any CPU.Build.0 = Release|Any CPU
		{FDE7ED59-74BF-4365-BC42-6A102447C343}.Debug|Any CPU.ActiveCfg = Debug|Any CPU
		{FDE7ED59-74BF-4365-BC42-6A102447C343}.Debug|Any CPU.Build.0 = Debug|Any CPU
		{FDE7ED59-74BF-4365-BC42-6A102447C343}.Release|Any CPU.ActiveCfg = Release|Any CPU
		{FDE7ED59-74BF-4365-BC42-6A102447C343}.Release|Any CPU.Build.0 = Release|Any CPU
		{A3021C5A-2E64-40BD-8901-FE4D8D99B848}.Debug|Any CPU.ActiveCfg = Debug|Any CPU
		{A3021C5A-2E64-40BD-8901-FE4D8D99B848}.Debug|Any CPU.Build.0 = Debug|Any CPU
		{A3021C5A-2E64-40BD-8901-FE4D8D99B848}.Release|Any CPU.ActiveCfg = Release|Any CPU
		{A3021C5A-2E64-40BD-8901-FE4D8D99B848}.Release|Any CPU.Build.0 = Release|Any CPU
		{2A526E74-8CD5-4AA4-90BB-BE6140166798}.Debug|Any CPU.ActiveCfg = Debug|Any CPU
		{2A526E74-8CD5-4AA4-90BB-BE6140166798}.Debug|Any CPU.Build.0 = Debug|Any CPU
		{2A526E74-8CD5-4AA4-90BB-BE6140166798}.Release|Any CPU.ActiveCfg = Release|Any CPU
		{2A526E74-8CD5-4AA4-90BB-BE6140166798}.Release|Any CPU.Build.0 = Release|Any CPU
		{14C74B4D-D39D-4EAC-A0E9-D4AC909E9A89}.Debug|Any CPU.ActiveCfg = Debug|Any CPU
		{14C74B4D-D39D-4EAC-A0E9-D4AC909E9A89}.Debug|Any CPU.Build.0 = Debug|Any CPU
		{14C74B4D-D39D-4EAC-A0E9-D4AC909E9A89}.Release|Any CPU.ActiveCfg = Release|Any CPU
		{14C74B4D-D39D-4EAC-A0E9-D4AC909E9A89}.Release|Any CPU.Build.0 = Release|Any CPU
		{B3DA8974-6BE4-4F70-9107-0B53997C1622}.Debug|Any CPU.ActiveCfg = Debug|Any CPU
		{B3DA8974-6BE4-4F70-9107-0B53997C1622}.Debug|Any CPU.Build.0 = Debug|Any CPU
		{B3DA8974-6BE4-4F70-9107-0B53997C1622}.Release|Any CPU.ActiveCfg = Release|Any CPU
		{B3DA8974-6BE4-4F70-9107-0B53997C1622}.Release|Any CPU.Build.0 = Release|Any CPU
		{25B31F40-8BAD-40D6-A085-CB844CF685D3}.Debug|Any CPU.ActiveCfg = Debug|Any CPU
		{25B31F40-8BAD-40D6-A085-CB844CF685D3}.Debug|Any CPU.Build.0 = Debug|Any CPU
		{25B31F40-8BAD-40D6-A085-CB844CF685D3}.Release|Any CPU.ActiveCfg = Release|Any CPU
		{25B31F40-8BAD-40D6-A085-CB844CF685D3}.Release|Any CPU.Build.0 = Release|Any CPU
		{E449334E-BC18-4BEF-823E-3D06E23F994C}.Debug|Any CPU.ActiveCfg = Debug|Any CPU
		{E449334E-BC18-4BEF-823E-3D06E23F994C}.Debug|Any CPU.Build.0 = Debug|Any CPU
		{E449334E-BC18-4BEF-823E-3D06E23F994C}.Release|Any CPU.ActiveCfg = Release|Any CPU
		{E449334E-BC18-4BEF-823E-3D06E23F994C}.Release|Any CPU.Build.0 = Release|Any CPU
		{BCCBCA8D-7D8A-43C4-A087-72DE5E35B193}.Debug|Any CPU.ActiveCfg = Debug|Any CPU
		{BCCBCA8D-7D8A-43C4-A087-72DE5E35B193}.Debug|Any CPU.Build.0 = Debug|Any CPU
		{BCCBCA8D-7D8A-43C4-A087-72DE5E35B193}.Release|Any CPU.ActiveCfg = Release|Any CPU
		{BCCBCA8D-7D8A-43C4-A087-72DE5E35B193}.Release|Any CPU.Build.0 = Release|Any CPU
		{1C17392B-9F15-4A20-A9C0-E33D07336847}.Debug|Any CPU.ActiveCfg = Debug|Any CPU
		{1C17392B-9F15-4A20-A9C0-E33D07336847}.Debug|Any CPU.Build.0 = Debug|Any CPU
		{1C17392B-9F15-4A20-A9C0-E33D07336847}.Release|Any CPU.ActiveCfg = Release|Any CPU
		{1C17392B-9F15-4A20-A9C0-E33D07336847}.Release|Any CPU.Build.0 = Release|Any CPU
		{551A44A4-E73F-4E38-A913-65101751C471}.Debug|Any CPU.ActiveCfg = Debug|Any CPU
		{551A44A4-E73F-4E38-A913-65101751C471}.Debug|Any CPU.Build.0 = Debug|Any CPU
		{551A44A4-E73F-4E38-A913-65101751C471}.Release|Any CPU.ActiveCfg = Release|Any CPU
		{551A44A4-E73F-4E38-A913-65101751C471}.Release|Any CPU.Build.0 = Release|Any CPU
		{CB80AEE0-17FA-4661-A31E-0CDED6DC77DE}.Debug|Any CPU.ActiveCfg = Debug|Any CPU
		{CB80AEE0-17FA-4661-A31E-0CDED6DC77DE}.Debug|Any CPU.Build.0 = Debug|Any CPU
		{CB80AEE0-17FA-4661-A31E-0CDED6DC77DE}.Release|Any CPU.ActiveCfg = Release|Any CPU
		{CB80AEE0-17FA-4661-A31E-0CDED6DC77DE}.Release|Any CPU.Build.0 = Release|Any CPU
	EndGlobalSection
	GlobalSection(SolutionProperties) = preSolution
		HideSolutionNode = FALSE
	EndGlobalSection
	GlobalSection(NestedProjects) = preSolution
		{B62B77E0-A41F-4EA9-86D2-59C1547B2245} = {112CE3A4-29A8-4F22-AA45-A3E1996E166F}
		{D3B6DB4E-359E-4B10-B430-8BEC36F5BC52} = {112CE3A4-29A8-4F22-AA45-A3E1996E166F}
		{B0ED099C-5866-4507-BDAE-A43CE22697A7} = {112CE3A4-29A8-4F22-AA45-A3E1996E166F}
		{F1D58A4F-126B-486E-9F15-62E52674A738} = {8726D96F-A5BF-40B2-BB0D-B99EDF169807}
		{B5A72598-228C-44A7-B631-454C7A603A88} = {8726D96F-A5BF-40B2-BB0D-B99EDF169807}
		{20D7DD4C-EEA4-4959-884C-E52054653F50} = {8726D96F-A5BF-40B2-BB0D-B99EDF169807}
		{3264A4F3-44FE-476C-8F59-822F809E5184} = {C5E063F5-94BC-43C0-B3FB-D4EFA1E8E858}
		{4F54AD53-8AC5-429B-8566-0934DB24EDDA} = {C5E063F5-94BC-43C0-B3FB-D4EFA1E8E858}
		{B743BA8A-ED2E-4796-A5B9-4CFABA5A3137} = {C5E063F5-94BC-43C0-B3FB-D4EFA1E8E858}
		{3FCF663B-9FB0-4FED-825B-1DBD6CCC34A7} = {843A4D41-23EC-46A0-8929-940A44FCD1D1}
		{FDE7ED59-74BF-4365-BC42-6A102447C343} = {843A4D41-23EC-46A0-8929-940A44FCD1D1}
		{A3021C5A-2E64-40BD-8901-FE4D8D99B848} = {843A4D41-23EC-46A0-8929-940A44FCD1D1}
		{2A526E74-8CD5-4AA4-90BB-BE6140166798} = {13F783DE-2790-47DF-8CC8-00B5AA0DEDA0}
		{14C74B4D-D39D-4EAC-A0E9-D4AC909E9A89} = {13F783DE-2790-47DF-8CC8-00B5AA0DEDA0}
		{B3DA8974-6BE4-4F70-9107-0B53997C1622} = {13F783DE-2790-47DF-8CC8-00B5AA0DEDA0}
		{25B31F40-8BAD-40D6-A085-CB844CF685D3} = {58F75998-5D91-48CB-8BC9-C39F87C64834}
		{E449334E-BC18-4BEF-823E-3D06E23F994C} = {58F75998-5D91-48CB-8BC9-C39F87C64834}
		{BCCBCA8D-7D8A-43C4-A087-72DE5E35B193} = {58F75998-5D91-48CB-8BC9-C39F87C64834}
		{1C17392B-9F15-4A20-A9C0-E33D07336847} = {A607B235-4BCB-4434-A38B-7A431E3F99E4}
		{551A44A4-E73F-4E38-A913-65101751C471} = {A607B235-4BCB-4434-A38B-7A431E3F99E4}
		{CB80AEE0-17FA-4661-A31E-0CDED6DC77DE} = {A607B235-4BCB-4434-A38B-7A431E3F99E4}
	EndGlobalSection
	GlobalSection(ExtensibilityGlobals) = postSolution
		SolutionGuid = {3825F17E-64CB-4522-B925-3932219F85D0}
	EndGlobalSection
EndGlobal
